
Microsoft Visual Studio Solution File, Format Version 12.00
# Visual Studio Version 17
VisualStudioVersion = 17.8.34309.116
MinimumVisualStudioVersion = 10.0.40219.1
Project("{9A19103F-16F7-4668-BE54-9A1E7A4F7556}") = "ABCUniversityStaff", "ABCUniversityStaff\ABCUniversityStaff.csproj", "{FCC276F7-B9A3-4DF9-B35B-980CCD1FFF31}"
EndProject
Global
	GlobalSection(SolutionConfigurationPlatforms) = preSolution
		Debug|Any CPU = Debug|Any CPU
		Release|Any CPU = Release|Any CPU
	EndGlobalSection
	GlobalSection(ProjectConfigurationPlatforms) = postSolution
		{FCC276F7-B9A3-4DF9-B35B-980CCD1FFF31}.Debug|Any CPU.ActiveCfg = Debug|Any CPU
		{FCC276F7-B9A3-4DF9-B35B-980CCD1FFF31}.Debug|Any CPU.Build.0 = Debug|Any CPU
		{FCC276F7-B9A3-4DF9-B35B-980CCD1FFF31}.Release|Any CPU.ActiveCfg = Release|Any CPU
		{FCC276F7-B9A3-4DF9-B35B-980CCD1FFF31}.Release|Any CPU.Build.0 = Release|Any CPU
	EndGlobalSection
	GlobalSection(SolutionProperties) = preSolution
		HideSolutionNode = FALSE
	EndGlobalSection
	GlobalSection(ExtensibilityGlobals) = postSolution
		SolutionGuid = {B3BC6779-D1EE-462A-9029-2C663E06B208}
	EndGlobalSection
EndGlobal
